
Microsoft Visual Studio Solution File, Format Version 12.00
# Visual Studio Version 16
VisualStudioVersion = 16.0.31624.102
MinimumVisualStudioVersion = 10.0.40219.1
Project("{FAE04EC0-301F-11D3-BF4B-00C04F79EFBC}") = "Lab 4.3", "Lab 4.3.csproj", "{92DDEEB0-799A-4387-A9EE-6582AC4F606F}"
EndProject
Global
	GlobalSection(SolutionConfigurationPlatforms) = preSolution
		Debug|Any CPU = Debug|Any CPU
		Release|Any CPU = Release|Any CPU
	EndGlobalSection
	GlobalSection(ProjectConfigurationPlatforms) = postSolution
		{92DDEEB0-799A-4387-A9EE-6582AC4F606F}.Debug|Any CPU.ActiveCfg = Debug|Any CPU
		{92DDEEB0-799A-4387-A9EE-6582AC4F606F}.Debug|Any CPU.Build.0 = Debug|Any CPU
		{92DDEEB0-799A-4387-A9EE-6582AC4F606F}.Release|Any CPU.ActiveCfg = Release|Any CPU
		{92DDEEB0-799A-4387-A9EE-6582AC4F606F}.Release|Any CPU.Build.0 = Release|Any CPU
	EndGlobalSection
	GlobalSection(SolutionProperties) = preSolution
		HideSolutionNode = FALSE
	EndGlobalSection
	GlobalSection(ExtensibilityGlobals) = postSolution
		SolutionGuid = {47DBB835-01A0-4661-B728-9237E82A3A64}
	EndGlobalSection
EndGlobal
